
Microsoft Visual Studio Solution File, Format Version 12.00
# Visual Studio Version 17
VisualStudioVersion = 17.11.35303.130
MinimumVisualStudioVersion = 10.0.40219.1
Project("{8BC9CEB8-8B4A-11D0-8D11-00A0C91BC942}") = "practicccc", "practicccc.vcxproj", "{F0558BB4-C50B-432D-85E4-E2A6952DD85E}"
EndProject
Global
	GlobalSection(SolutionConfigurationPlatforms) = preSolution
		Debug|x64 = Debug|x64
		Debug|x86 = Debug|x86
		Release|x64 = Release|x64
		Release|x86 = Release|x86
	EndGlobalSection
	GlobalSection(ProjectConfigurationPlatforms) = postSolution
		{F0558BB4-C50B-432D-85E4-E2A6952DD85E}.Debug|x64.ActiveCfg = Debug|x64
		{F0558BB4-C50B-432D-85E4-E2A6952DD85E}.Debug|x64.Build.0 = Debug|x64
		{F0558BB4-C50B-432D-85E4-E2A6952DD85E}.Debug|x86.ActiveCfg = Debug|Win32
		{F0558BB4-C50B-432D-85E4-E2A6952DD85E}.Debug|x86.Build.0 = Debug|Win32
		{F0558BB4-C50B-432D-85E4-E2A6952DD85E}.Release|x64.ActiveCfg = Release|x64
		{F0558BB4-C50B-432D-85E4-E2A6952DD85E}.Release|x64.Build.0 = Release|x64
		{F0558BB4-C50B-432D-85E4-E2A6952DD85E}.Release|x86.ActiveCfg = Release|Win32
		{F0558BB4-C50B-432D-85E4-E2A6952DD85E}.Release|x86.Build.0 = Release|Win32
	EndGlobalSection
	GlobalSection(SolutionProperties) = preSolution
		HideSolutionNode = FALSE
	EndGlobalSection
	GlobalSection(ExtensibilityGlobals) = postSolution
		SolutionGuid = {93AF38AA-DD95-4142-8612-4E06B3F223E0}
	EndGlobalSection
EndGlobal
