
Microsoft Visual Studio Solution File, Format Version 12.00
# Visual Studio Version 17
VisualStudioVersion = 17.11.35303.130
MinimumVisualStudioVersion = 10.0.40219.1
Project("{8BC9CEB8-8B4A-11D0-8D11-00A0C91BC942}") = "B-Tree( Practicing)", "B-Tree( Practicing).vcxproj", "{5152EDE9-75AE-4898-802A-AB13E4786244}"
EndProject
Global
	GlobalSection(SolutionConfigurationPlatforms) = preSolution
		Debug|x64 = Debug|x64
		Debug|x86 = Debug|x86
		Release|x64 = Release|x64
		Release|x86 = Release|x86
	EndGlobalSection
	GlobalSection(ProjectConfigurationPlatforms) = postSolution
		{5152EDE9-75AE-4898-802A-AB13E4786244}.Debug|x64.ActiveCfg = Debug|x64
		{5152EDE9-75AE-4898-802A-AB13E4786244}.Debug|x64.Build.0 = Debug|x64
		{5152EDE9-75AE-4898-802A-AB13E4786244}.Debug|x86.ActiveCfg = Debug|Win32
		{5152EDE9-75AE-4898-802A-AB13E4786244}.Debug|x86.Build.0 = Debug|Win32
		{5152EDE9-75AE-4898-802A-AB13E4786244}.Release|x64.ActiveCfg = Release|x64
		{5152EDE9-75AE-4898-802A-AB13E4786244}.Release|x64.Build.0 = Release|x64
		{5152EDE9-75AE-4898-802A-AB13E4786244}.Release|x86.ActiveCfg = Release|Win32
		{5152EDE9-75AE-4898-802A-AB13E4786244}.Release|x86.Build.0 = Release|Win32
	EndGlobalSection
	GlobalSection(SolutionProperties) = preSolution
		HideSolutionNode = FALSE
	EndGlobalSection
	GlobalSection(ExtensibilityGlobals) = postSolution
		SolutionGuid = {D2C1F424-8ABA-4130-B066-4BF3CED2F957}
	EndGlobalSection
EndGlobal
