
Microsoft Visual Studio Solution File, Format Version 12.00
# Visual Studio Version 17
VisualStudioVersion = 17.13.35913.81 d17.13
MinimumVisualStudioVersion = 10.0.40219.1
Project("{FAE04EC0-301F-11D3-BF4B-00C04F79EFBC}") = "Doll Managment Project", "Doll Managment Project.csproj", "{F106FCA4-028E-476E-B8A5-19C8308B2B44}"
EndProject
Global
	GlobalSection(SolutionConfigurationPlatforms) = preSolution
		Debug|Any CPU = Debug|Any CPU
		Release|Any CPU = Release|Any CPU
	EndGlobalSection
	GlobalSection(ProjectConfigurationPlatforms) = postSolution
		{F106FCA4-028E-476E-B8A5-19C8308B2B44}.Debug|Any CPU.ActiveCfg = Debug|Any CPU
		{F106FCA4-028E-476E-B8A5-19C8308B2B44}.Debug|Any CPU.Build.0 = Debug|Any CPU
		{F106FCA4-028E-476E-B8A5-19C8308B2B44}.Release|Any CPU.ActiveCfg = Release|Any CPU
		{F106FCA4-028E-476E-B8A5-19C8308B2B44}.Release|Any CPU.Build.0 = Release|Any CPU
	EndGlobalSection
	GlobalSection(SolutionProperties) = preSolution
		HideSolutionNode = FALSE
	EndGlobalSection
	GlobalSection(ExtensibilityGlobals) = postSolution
		SolutionGuid = {C24B62FC-CEDD-4B31-8ECD-55BA5813CE40}
	EndGlobalSection
EndGlobal
