
Microsoft Visual Studio Solution File, Format Version 12.00
# Visual Studio Version 17
VisualStudioVersion = 17.11.35303.130
MinimumVisualStudioVersion = 10.0.40219.1
Project("{8BC9CEB8-8B4A-11D0-8D11-00A0C91BC942}") = "third semester exam test", "third semester exam test.vcxproj", "{FD123E86-8F14-4F6D-8DC9-8287880741A3}"
EndProject
Global
	GlobalSection(SolutionConfigurationPlatforms) = preSolution
		Debug|x64 = Debug|x64
		Debug|x86 = Debug|x86
		Release|x64 = Release|x64
		Release|x86 = Release|x86
	EndGlobalSection
	GlobalSection(ProjectConfigurationPlatforms) = postSolution
		{FD123E86-8F14-4F6D-8DC9-8287880741A3}.Debug|x64.ActiveCfg = Debug|x64
		{FD123E86-8F14-4F6D-8DC9-8287880741A3}.Debug|x64.Build.0 = Debug|x64
		{FD123E86-8F14-4F6D-8DC9-8287880741A3}.Debug|x86.ActiveCfg = Debug|Win32
		{FD123E86-8F14-4F6D-8DC9-8287880741A3}.Debug|x86.Build.0 = Debug|Win32
		{FD123E86-8F14-4F6D-8DC9-8287880741A3}.Release|x64.ActiveCfg = Release|x64
		{FD123E86-8F14-4F6D-8DC9-8287880741A3}.Release|x64.Build.0 = Release|x64
		{FD123E86-8F14-4F6D-8DC9-8287880741A3}.Release|x86.ActiveCfg = Release|Win32
		{FD123E86-8F14-4F6D-8DC9-8287880741A3}.Release|x86.Build.0 = Release|Win32
	EndGlobalSection
	GlobalSection(SolutionProperties) = preSolution
		HideSolutionNode = FALSE
	EndGlobalSection
	GlobalSection(ExtensibilityGlobals) = postSolution
		SolutionGuid = {7C46CA8F-42E5-4D9D-8F8C-32E2D2220A21}
	EndGlobalSection
EndGlobal
