
Microsoft Visual Studio Solution File, Format Version 12.00
# Visual Studio Version 17
VisualStudioVersion = 17.13.35913.81 d17.13
MinimumVisualStudioVersion = 10.0.40219.1
Project("{FAE04EC0-301F-11D3-BF4B-00C04F79EFBC}") = "HousingManagementSystem", "HousingManagementSystem.csproj", "{DFA98D82-46E1-4512-9138-07B55F471147}"
EndProject
Global
	GlobalSection(SolutionConfigurationPlatforms) = preSolution
		Debug|Any CPU = Debug|Any CPU
		Release|Any CPU = Release|Any CPU
	EndGlobalSection
	GlobalSection(ProjectConfigurationPlatforms) = postSolution
		{DFA98D82-46E1-4512-9138-07B55F471147}.Debug|Any CPU.ActiveCfg = Debug|Any CPU
		{DFA98D82-46E1-4512-9138-07B55F471147}.Debug|Any CPU.Build.0 = Debug|Any CPU
		{DFA98D82-46E1-4512-9138-07B55F471147}.Release|Any CPU.ActiveCfg = Release|Any CPU
		{DFA98D82-46E1-4512-9138-07B55F471147}.Release|Any CPU.Build.0 = Release|Any CPU
	EndGlobalSection
	GlobalSection(SolutionProperties) = preSolution
		HideSolutionNode = FALSE
	EndGlobalSection
	GlobalSection(ExtensibilityGlobals) = postSolution
		SolutionGuid = {090B88C9-F7C8-4AB3-9EB1-20A6FCBDF123}
	EndGlobalSection
EndGlobal
