
Microsoft Visual Studio Solution File, Format Version 12.00
# Visual Studio Version 17
VisualStudioVersion = 17.13.35913.81 d17.13
MinimumVisualStudioVersion = 10.0.40219.1
Project("{8BC9CEB8-8B4A-11D0-8D11-00A0C91BC942}") = "05.17.2025. Lecture", "05.17.2025. Lecture.vcxproj", "{D8F8F153-562B-49B6-B2B4-257A880E91A1}"
EndProject
Global
	GlobalSection(SolutionConfigurationPlatforms) = preSolution
		Debug|x64 = Debug|x64
		Debug|x86 = Debug|x86
		Release|x64 = Release|x64
		Release|x86 = Release|x86
	EndGlobalSection
	GlobalSection(ProjectConfigurationPlatforms) = postSolution
		{D8F8F153-562B-49B6-B2B4-257A880E91A1}.Debug|x64.ActiveCfg = Debug|x64
		{D8F8F153-562B-49B6-B2B4-257A880E91A1}.Debug|x64.Build.0 = Debug|x64
		{D8F8F153-562B-49B6-B2B4-257A880E91A1}.Debug|x86.ActiveCfg = Debug|Win32
		{D8F8F153-562B-49B6-B2B4-257A880E91A1}.Debug|x86.Build.0 = Debug|Win32
		{D8F8F153-562B-49B6-B2B4-257A880E91A1}.Release|x64.ActiveCfg = Release|x64
		{D8F8F153-562B-49B6-B2B4-257A880E91A1}.Release|x64.Build.0 = Release|x64
		{D8F8F153-562B-49B6-B2B4-257A880E91A1}.Release|x86.ActiveCfg = Release|Win32
		{D8F8F153-562B-49B6-B2B4-257A880E91A1}.Release|x86.Build.0 = Release|Win32
	EndGlobalSection
	GlobalSection(SolutionProperties) = preSolution
		HideSolutionNode = FALSE
	EndGlobalSection
	GlobalSection(ExtensibilityGlobals) = postSolution
		SolutionGuid = {11DFC6CC-BADA-4966-8576-0C9665BF7842}
	EndGlobalSection
EndGlobal
