
Microsoft Visual Studio Solution File, Format Version 12.00
# Visual Studio Version 17
VisualStudioVersion = 17.8.34408.163
MinimumVisualStudioVersion = 10.0.40219.1
Project("{FAE04EC0-301F-11D3-BF4B-00C04F79EFBC}") = "WindowsFormsApp1", "WindowsFormsApp1.csproj", "{ADE88A35-05E6-4526-91D4-5991914D9C4E}"
EndProject
Project("{2150E333-8FDC-42A3-9474-1A3956D46DE8}") = "Элементы решения", "Элементы решения", "{A876BFB3-FAC2-461A-8BD5-EBBE55F9C521}"
EndProject
Global
	GlobalSection(SolutionConfigurationPlatforms) = preSolution
		Debug|Any CPU = Debug|Any CPU
		Release|Any CPU = Release|Any CPU
	EndGlobalSection
	GlobalSection(ProjectConfigurationPlatforms) = postSolution
		{ADE88A35-05E6-4526-91D4-5991914D9C4E}.Debug|Any CPU.ActiveCfg = Debug|Any CPU
		{ADE88A35-05E6-4526-91D4-5991914D9C4E}.Debug|Any CPU.Build.0 = Debug|Any CPU
		{ADE88A35-05E6-4526-91D4-5991914D9C4E}.Release|Any CPU.ActiveCfg = Release|Any CPU
		{ADE88A35-05E6-4526-91D4-5991914D9C4E}.Release|Any CPU.Build.0 = Release|Any CPU
	EndGlobalSection
	GlobalSection(SolutionProperties) = preSolution
		HideSolutionNode = FALSE
	EndGlobalSection
	GlobalSection(ExtensibilityGlobals) = postSolution
		SolutionGuid = {81E5F6DB-C36E-4650-9CCB-BC8D159D65A2}
	EndGlobalSection
EndGlobal
