
Microsoft Visual Studio Solution File, Format Version 12.00
# Visual Studio Version 17
VisualStudioVersion = 17.14.36301.6 d17.14
MinimumVisualStudioVersion = 10.0.40219.1
Project("{FAE04EC0-301F-11D3-BF4B-00C04F79EFBC}") = "2.Lab OS No12", "2.Lab OS No12.csproj", "{A73FBA6E-302C-4685-8B8B-76EF97C7FE32}"
EndProject
Global
	GlobalSection(SolutionConfigurationPlatforms) = preSolution
		Debug|Any CPU = Debug|Any CPU
		Release|Any CPU = Release|Any CPU
	EndGlobalSection
	GlobalSection(ProjectConfigurationPlatforms) = postSolution
		{A73FBA6E-302C-4685-8B8B-76EF97C7FE32}.Debug|Any CPU.ActiveCfg = Debug|Any CPU
		{A73FBA6E-302C-4685-8B8B-76EF97C7FE32}.Debug|Any CPU.Build.0 = Debug|Any CPU
		{A73FBA6E-302C-4685-8B8B-76EF97C7FE32}.Release|Any CPU.ActiveCfg = Release|Any CPU
		{A73FBA6E-302C-4685-8B8B-76EF97C7FE32}.Release|Any CPU.Build.0 = Release|Any CPU
	EndGlobalSection
	GlobalSection(SolutionProperties) = preSolution
		HideSolutionNode = FALSE
	EndGlobalSection
	GlobalSection(ExtensibilityGlobals) = postSolution
		SolutionGuid = {A37686AE-6627-4A14-A668-3EA50D71646B}
	EndGlobalSection
EndGlobal
